
Microsoft Visual Studio Solution File, Format Version 12.00
Project("{FAE04EC0-301F-11D3-BF4B-00C04F79EFBC}") = "Test.Lib", "Test.Lib\Test.Lib.csproj", "{A7202A07-FEDD-4E55-BDA5-B40C56065E1B}"
EndProject
Project("{2150E333-8FDC-42A3-9474-1A3956D46DE8}") = "others", "others", "{AC7FE1B5-FC49-4AB2-A506-057CCA7AA171}"
	ProjectSection(SolutionItems) = preProject
		README.md = README.md
		.gitattributes = .gitattributes
		.gitignore = .gitignore
	EndProjectSection
EndProject
Project("{FAE04EC0-301F-11D3-BF4B-00C04F79EFBC}") = "Test.ConsoleApp", "Test.ConsoleApp\Test.ConsoleApp.csproj", "{DD7E688A-5905-4897-8392-862F486347DE}"
EndProject
Global
	GlobalSection(SolutionConfigurationPlatforms) = preSolution
		Debug|Any CPU = Debug|Any CPU
		Release|Any CPU = Release|Any CPU
	EndGlobalSection
	GlobalSection(ProjectConfigurationPlatforms) = postSolution
		{A7202A07-FEDD-4E55-BDA5-B40C56065E1B}.Debug|Any CPU.ActiveCfg = Debug|Any CPU
		{A7202A07-FEDD-4E55-BDA5-B40C56065E1B}.Debug|Any CPU.Build.0 = Debug|Any CPU
		{A7202A07-FEDD-4E55-BDA5-B40C56065E1B}.Release|Any CPU.ActiveCfg = Release|Any CPU
		{A7202A07-FEDD-4E55-BDA5-B40C56065E1B}.Release|Any CPU.Build.0 = Release|Any CPU
		{DD7E688A-5905-4897-8392-862F486347DE}.Debug|Any CPU.ActiveCfg = Debug|Any CPU
		{DD7E688A-5905-4897-8392-862F486347DE}.Debug|Any CPU.Build.0 = Debug|Any CPU
		{DD7E688A-5905-4897-8392-862F486347DE}.Release|Any CPU.ActiveCfg = Release|Any CPU
		{DD7E688A-5905-4897-8392-862F486347DE}.Release|Any CPU.Build.0 = Release|Any CPU
	EndGlobalSection
EndGlobal
